// !$*UTF8*$!
{
	archiveVersion = 1;
	classes = {
	};
	objectVersion = 55;
	objects = {

/* Begin PBXBuildFile section */
		6032AC6C27B7C89300686A99 /* NowPlayingViewContainer.swift in Sources */ = {isa = PBXBuildFile; fileRef = 6032AC6B27B7C89300686A99 /* NowPlayingViewContainer.swift */; };
		6032AC6E27B7D18000686A99 /* QueriedSongsListViewContainer.swift in Sources */ = {isa = PBXBuildFile; fileRef = 6032AC6D27B7D18000686A99 /* QueriedSongsListViewContainer.swift */; };
		6042DA8F292A3F2F007B7E21 /* LoadingState.swift in Sources */ = {isa = PBXBuildFile; fileRef = 6042DA8E292A3F2F007B7E21 /* LoadingState.swift */; };
		6042DA91292A45E5007B7E21 /* SongsSorter.swift in Sources */ = {isa = PBXBuildFile; fileRef = 6042DA90292A45E5007B7E21 /* SongsSorter.swift */; };
		6042DA93292A511C007B7E21 /* MPMediaItem+Extension.swift in Sources */ = {isa = PBXBuildFile; fileRef = 60A7BA5A27B8C191002451A5 /* MPMediaItem+Extension.swift */; };
		6044F06B27B7EAB60083A506 /* MultiLineTextView.swift in Sources */ = {isa = PBXBuildFile; fileRef = 6044F06A27B7EAB60083A506 /* MultiLineTextView.swift */; };
		6044F06D27B7FDF10083A506 /* String+Extension.swift in Sources */ = {isa = PBXBuildFile; fileRef = 6044F06C27B7FDF00083A506 /* String+Extension.swift */; };
		6044F06F27B8173B0083A506 /* String+Extension.swift in Sources */ = {isa = PBXBuildFile; fileRef = 6044F06C27B7FDF00083A506 /* String+Extension.swift */; };
		6092533627B60B7A00E23931 /* onrakuApp.swift in Sources */ = {isa = PBXBuildFile; fileRef = 6092533527B60B7A00E23931 /* onrakuApp.swift */; };
		6092533827B60B7A00E23931 /* ContentView.swift in Sources */ = {isa = PBXBuildFile; fileRef = 6092533727B60B7A00E23931 /* ContentView.swift */; };
		6092533A27B60B7B00E23931 /* Assets.xcassets in Resources */ = {isa = PBXBuildFile; fileRef = 6092533927B60B7B00E23931 /* Assets.xcassets */; };
		6092533D27B60B7B00E23931 /* Preview Assets.xcassets in Resources */ = {isa = PBXBuildFile; fileRef = 6092533C27B60B7B00E23931 /* Preview Assets.xcassets */; };
		6092534727B60B7B00E23931 /* onrakuTests.swift in Sources */ = {isa = PBXBuildFile; fileRef = 6092534627B60B7B00E23931 /* onrakuTests.swift */; };
		6092535127B60B7B00E23931 /* onrakuUITests.swift in Sources */ = {isa = PBXBuildFile; fileRef = 6092535027B60B7B00E23931 /* onrakuUITests.swift */; };
		6092535327B60B7B00E23931 /* onrakuUITestsLaunchTests.swift in Sources */ = {isa = PBXBuildFile; fileRef = 6092535227B60B7B00E23931 /* onrakuUITestsLaunchTests.swift */; };
		6092536127B60C6800E23931 /* MediaPlayer.framework in Frameworks */ = {isa = PBXBuildFile; fileRef = 6092536027B60C6800E23931 /* MediaPlayer.framework */; };
		6092536727B7810A00E23931 /* SongItemView.swift in Sources */ = {isa = PBXBuildFile; fileRef = 6092536627B7810A00E23931 /* SongItemView.swift */; };
		6092536927B788B300E23931 /* SongsCollectionItemView.swift in Sources */ = {isa = PBXBuildFile; fileRef = 6092536827B788B300E23931 /* SongsCollectionItemView.swift */; };
		6092536B27B78AFA00E23931 /* Player.swift in Sources */ = {isa = PBXBuildFile; fileRef = 6092536A27B78AFA00E23931 /* Player.swift */; };
		6092536F27B78F8800E23931 /* PlayableItemsMenuView.swift in Sources */ = {isa = PBXBuildFile; fileRef = 6092536E27B78F8800E23931 /* PlayableItemsMenuView.swift */; };
		6092537127B791A300E23931 /* SongDetailView.swift in Sources */ = {isa = PBXBuildFile; fileRef = 6092537027B791A300E23931 /* SongDetailView.swift */; };
		6092537327B7AD0000E23931 /* SongsQuerier.swift in Sources */ = {isa = PBXBuildFile; fileRef = 6092537227B7AD0000E23931 /* SongsQuerier.swift */; };
		6092537527B7B54E00E23931 /* SongsCollectionsListView.swift in Sources */ = {isa = PBXBuildFile; fileRef = 6092537427B7B54E00E23931 /* SongsCollectionsListView.swift */; };
		60A7BA5B27B8C191002451A5 /* MPMediaItem+Extension.swift in Sources */ = {isa = PBXBuildFile; fileRef = 60A7BA5A27B8C191002451A5 /* MPMediaItem+Extension.swift */; };
		60A7BA6027B8DEAE002451A5 /* MyMPMediaPropertyPredicate.swift in Sources */ = {isa = PBXBuildFile; fileRef = 60A7BA5F27B8DEAE002451A5 /* MyMPMediaPropertyPredicate.swift */; };
		60A7BA6227B904C5002451A5 /* MPMediaItemCollection+Extension.swift in Sources */ = {isa = PBXBuildFile; fileRef = 60A7BA6127B904C5002451A5 /* MPMediaItemCollection+Extension.swift */; };
		60A7BA6627B91ED9002451A5 /* LoadingCellView.swift in Sources */ = {isa = PBXBuildFile; fileRef = 60A7BA6527B91ED9002451A5 /* LoadingCellView.swift */; };
		60C23F6627B9659000A01DCB /* ToastView.swift in Sources */ = {isa = PBXBuildFile; fileRef = 60C23F6527B9659000A01DCB /* ToastView.swift */; };
		60D0CD9027BA84F6002F43BB /* FiveStarsImageView.swift in Sources */ = {isa = PBXBuildFile; fileRef = 60D0CD8F27BA84F6002F43BB /* FiveStarsImageView.swift */; };
		60F6A459292A16F2007B4A67 /* RelevantSongs.swift in Sources */ = {isa = PBXBuildFile; fileRef = 60F6A458292A16F2007B4A67 /* RelevantSongs.swift */; };
		60FF5E8427B932BB00663D61 /* Array+Extension.swift in Sources */ = {isa = PBXBuildFile; fileRef = 60FF5E8327B932BB00663D61 /* Array+Extension.swift */; };
/* End PBXBuildFile section */

/* Begin PBXContainerItemProxy section */
		6092534327B60B7B00E23931 /* PBXContainerItemProxy */ = {
			isa = PBXContainerItemProxy;
			containerPortal = 6092532A27B60B7A00E23931 /* Project object */;
			proxyType = 1;
			remoteGlobalIDString = 6092533127B60B7A00E23931;
			remoteInfo = onraku;
		};
		6092534D27B60B7B00E23931 /* PBXContainerItemProxy */ = {
			isa = PBXContainerItemProxy;
			containerPortal = 6092532A27B60B7A00E23931 /* Project object */;
			proxyType = 1;
			remoteGlobalIDString = 6092533127B60B7A00E23931;
			remoteInfo = onraku;
		};
/* End PBXContainerItemProxy section */

/* Begin PBXFileReference section */
		6032AC6B27B7C89300686A99 /* NowPlayingViewContainer.swift */ = {isa = PBXFileReference; lastKnownFileType = sourcecode.swift; path = NowPlayingViewContainer.swift; sourceTree = "<group>"; };
		6032AC6D27B7D18000686A99 /* QueriedSongsListViewContainer.swift */ = {isa = PBXFileReference; lastKnownFileType = sourcecode.swift; path = QueriedSongsListViewContainer.swift; sourceTree = "<group>"; };
		6042DA8E292A3F2F007B7E21 /* LoadingState.swift */ = {isa = PBXFileReference; lastKnownFileType = sourcecode.swift; path = LoadingState.swift; sourceTree = "<group>"; };
		6042DA90292A45E5007B7E21 /* SongsSorter.swift */ = {isa = PBXFileReference; lastKnownFileType = sourcecode.swift; path = SongsSorter.swift; sourceTree = "<group>"; };
		6044F06A27B7EAB60083A506 /* MultiLineTextView.swift */ = {isa = PBXFileReference; lastKnownFileType = sourcecode.swift; path = MultiLineTextView.swift; sourceTree = "<group>"; };
		6044F06C27B7FDF00083A506 /* String+Extension.swift */ = {isa = PBXFileReference; lastKnownFileType = sourcecode.swift; path = "String+Extension.swift"; sourceTree = "<group>"; };
		6061CF5927CCEAB70040B4C4 /* Info.plist */ = {isa = PBXFileReference; lastKnownFileType = text.plist; path = Info.plist; sourceTree = "<group>"; };
		6092533227B60B7A00E23931 /* onraku.app */ = {isa = PBXFileReference; explicitFileType = wrapper.application; includeInIndex = 0; path = onraku.app; sourceTree = BUILT_PRODUCTS_DIR; };
		6092533527B60B7A00E23931 /* onrakuApp.swift */ = {isa = PBXFileReference; lastKnownFileType = sourcecode.swift; path = onrakuApp.swift; sourceTree = "<group>"; };
		6092533727B60B7A00E23931 /* ContentView.swift */ = {isa = PBXFileReference; lastKnownFileType = sourcecode.swift; path = ContentView.swift; sourceTree = "<group>"; };
		6092533927B60B7B00E23931 /* Assets.xcassets */ = {isa = PBXFileReference; lastKnownFileType = folder.assetcatalog; path = Assets.xcassets; sourceTree = "<group>"; };
		6092533C27B60B7B00E23931 /* Preview Assets.xcassets */ = {isa = PBXFileReference; lastKnownFileType = folder.assetcatalog; path = "Preview Assets.xcassets"; sourceTree = "<group>"; };
		6092534227B60B7B00E23931 /* onrakuTests.xctest */ = {isa = PBXFileReference; explicitFileType = wrapper.cfbundle; includeInIndex = 0; path = onrakuTests.xctest; sourceTree = BUILT_PRODUCTS_DIR; };
		6092534627B60B7B00E23931 /* onrakuTests.swift */ = {isa = PBXFileReference; lastKnownFileType = sourcecode.swift; path = onrakuTests.swift; sourceTree = "<group>"; };
		6092534C27B60B7B00E23931 /* onrakuUITests.xctest */ = {isa = PBXFileReference; explicitFileType = wrapper.cfbundle; includeInIndex = 0; path = onrakuUITests.xctest; sourceTree = BUILT_PRODUCTS_DIR; };
		6092535027B60B7B00E23931 /* onrakuUITests.swift */ = {isa = PBXFileReference; lastKnownFileType = sourcecode.swift; path = onrakuUITests.swift; sourceTree = "<group>"; };
		6092535227B60B7B00E23931 /* onrakuUITestsLaunchTests.swift */ = {isa = PBXFileReference; lastKnownFileType = sourcecode.swift; path = onrakuUITestsLaunchTests.swift; sourceTree = "<group>"; };
		6092536027B60C6800E23931 /* MediaPlayer.framework */ = {isa = PBXFileReference; lastKnownFileType = wrapper.framework; name = MediaPlayer.framework; path = System/Library/Frameworks/MediaPlayer.framework; sourceTree = SDKROOT; };
		6092536627B7810A00E23931 /* SongItemView.swift */ = {isa = PBXFileReference; lastKnownFileType = sourcecode.swift; path = SongItemView.swift; sourceTree = "<group>"; };
		6092536827B788B300E23931 /* SongsCollectionItemView.swift */ = {isa = PBXFileReference; lastKnownFileType = sourcecode.swift; path = SongsCollectionItemView.swift; sourceTree = "<group>"; };
		6092536A27B78AFA00E23931 /* Player.swift */ = {isa = PBXFileReference; lastKnownFileType = sourcecode.swift; path = Player.swift; sourceTree = "<group>"; };
		6092536E27B78F8800E23931 /* PlayableItemsMenuView.swift */ = {isa = PBXFileReference; lastKnownFileType = sourcecode.swift; path = PlayableItemsMenuView.swift; sourceTree = "<group>"; };
		6092537027B791A300E23931 /* SongDetailView.swift */ = {isa = PBXFileReference; lastKnownFileType = sourcecode.swift; path = SongDetailView.swift; sourceTree = "<group>"; };
		6092537227B7AD0000E23931 /* SongsQuerier.swift */ = {isa = PBXFileReference; lastKnownFileType = sourcecode.swift; path = SongsQuerier.swift; sourceTree = "<group>"; };
		6092537427B7B54E00E23931 /* SongsCollectionsListView.swift */ = {isa = PBXFileReference; lastKnownFileType = sourcecode.swift; path = SongsCollectionsListView.swift; sourceTree = "<group>"; };
		60A7BA5A27B8C191002451A5 /* MPMediaItem+Extension.swift */ = {isa = PBXFileReference; lastKnownFileType = sourcecode.swift; path = "MPMediaItem+Extension.swift"; sourceTree = "<group>"; };
		60A7BA5F27B8DEAE002451A5 /* MyMPMediaPropertyPredicate.swift */ = {isa = PBXFileReference; lastKnownFileType = sourcecode.swift; path = MyMPMediaPropertyPredicate.swift; sourceTree = "<group>"; };
		60A7BA6127B904C5002451A5 /* MPMediaItemCollection+Extension.swift */ = {isa = PBXFileReference; lastKnownFileType = sourcecode.swift; path = "MPMediaItemCollection+Extension.swift"; sourceTree = "<group>"; };
		60A7BA6527B91ED9002451A5 /* LoadingCellView.swift */ = {isa = PBXFileReference; lastKnownFileType = sourcecode.swift; path = LoadingCellView.swift; sourceTree = "<group>"; };
		60C23F6527B9659000A01DCB /* ToastView.swift */ = {isa = PBXFileReference; lastKnownFileType = sourcecode.swift; path = ToastView.swift; sourceTree = "<group>"; };
		60D0CD8F27BA84F6002F43BB /* FiveStarsImageView.swift */ = {isa = PBXFileReference; lastKnownFileType = sourcecode.swift; path = FiveStarsImageView.swift; sourceTree = "<group>"; };
		60F6A458292A16F2007B4A67 /* RelevantSongs.swift */ = {isa = PBXFileReference; lastKnownFileType = sourcecode.swift; path = RelevantSongs.swift; sourceTree = "<group>"; };
		60FF5E8327B932BB00663D61 /* Array+Extension.swift */ = {isa = PBXFileReference; lastKnownFileType = sourcecode.swift; path = "Array+Extension.swift"; sourceTree = "<group>"; };
/* End PBXFileReference section */

/* Begin PBXFrameworksBuildPhase section */
		6092532F27B60B7A00E23931 /* Frameworks */ = {
			isa = PBXFrameworksBuildPhase;
			buildActionMask = 2147483647;
			files = (
				6092536127B60C6800E23931 /* MediaPlayer.framework in Frameworks */,
			);
			runOnlyForDeploymentPostprocessing = 0;
		};
		6092533F27B60B7B00E23931 /* Frameworks */ = {
			isa = PBXFrameworksBuildPhase;
			buildActionMask = 2147483647;
			files = (
			);
			runOnlyForDeploymentPostprocessing = 0;
		};
		6092534927B60B7B00E23931 /* Frameworks */ = {
			isa = PBXFrameworksBuildPhase;
			buildActionMask = 2147483647;
			files = (
			);
			runOnlyForDeploymentPostprocessing = 0;
		};
/* End PBXFrameworksBuildPhase section */

/* Begin PBXGroup section */
		6042DA8B292A3B32007B7E21 /* Components */ = {
			isa = PBXGroup;
			children = (
				60C23F6527B9659000A01DCB /* ToastView.swift */,
				60D0CD8F27BA84F6002F43BB /* FiveStarsImageView.swift */,
				6044F06A27B7EAB60083A506 /* MultiLineTextView.swift */,
				60A7BA6527B91ED9002451A5 /* LoadingCellView.swift */,
			);
			path = Components;
			sourceTree = "<group>";
		};
		6042DA8C292A3B79007B7E21 /* Menus */ = {
			isa = PBXGroup;
			children = (
				6092536E27B78F8800E23931 /* PlayableItemsMenuView.swift */,
			);
			path = Menus;
			sourceTree = "<group>";
		};
		6042DA92292A5114007B7E21 /* Extensions */ = {
			isa = PBXGroup;
			children = (
				6044F06C27B7FDF00083A506 /* String+Extension.swift */,
				60A7BA5A27B8C191002451A5 /* MPMediaItem+Extension.swift */,
				60FF5E8327B932BB00663D61 /* Array+Extension.swift */,
				60A7BA6127B904C5002451A5 /* MPMediaItemCollection+Extension.swift */,
			);
			path = Extensions;
			sourceTree = "<group>";
		};
		6092532927B60B7A00E23931 = {
			isa = PBXGroup;
			children = (
				6092533427B60B7A00E23931 /* onraku */,
				6092534527B60B7B00E23931 /* onrakuTests */,
				6092534F27B60B7B00E23931 /* onrakuUITests */,
				6092533327B60B7A00E23931 /* Products */,
				6092535F27B60C6800E23931 /* Frameworks */,
			);
			sourceTree = "<group>";
		};
		6092533327B60B7A00E23931 /* Products */ = {
			isa = PBXGroup;
			children = (
				6092533227B60B7A00E23931 /* onraku.app */,
				6092534227B60B7B00E23931 /* onrakuTests.xctest */,
				6092534C27B60B7B00E23931 /* onrakuUITests.xctest */,
			);
			name = Products;
			sourceTree = "<group>";
		};
		6092533427B60B7A00E23931 /* onraku */ = {
			isa = PBXGroup;
			children = (
				6061CF5927CCEAB70040B4C4 /* Info.plist */,
				6092533527B60B7A00E23931 /* onrakuApp.swift */,
				6092536C27B78C1B00E23931 /* Classes */,
				6092536D27B78C2800E23931 /* Views */,
				6092533927B60B7B00E23931 /* Assets.xcassets */,
				6092533B27B60B7B00E23931 /* Preview Content */,
			);
			path = onraku;
			sourceTree = "<group>";
		};
		6092533B27B60B7B00E23931 /* Preview Content */ = {
			isa = PBXGroup;
			children = (
				6092533C27B60B7B00E23931 /* Preview Assets.xcassets */,
			);
			path = "Preview Content";
			sourceTree = "<group>";
		};
		6092534527B60B7B00E23931 /* onrakuTests */ = {
			isa = PBXGroup;
			children = (
				6092534627B60B7B00E23931 /* onrakuTests.swift */,
			);
			path = onrakuTests;
			sourceTree = "<group>";
		};
		6092534F27B60B7B00E23931 /* onrakuUITests */ = {
			isa = PBXGroup;
			children = (
				6092535027B60B7B00E23931 /* onrakuUITests.swift */,
				6092535227B60B7B00E23931 /* onrakuUITestsLaunchTests.swift */,
			);
			path = onrakuUITests;
			sourceTree = "<group>";
		};
		6092535F27B60C6800E23931 /* Frameworks */ = {
			isa = PBXGroup;
			children = (
				6092536027B60C6800E23931 /* MediaPlayer.framework */,
			);
			name = Frameworks;
			sourceTree = "<group>";
		};
		6092536C27B78C1B00E23931 /* Classes */ = {
			isa = PBXGroup;
			children = (
				6042DA92292A5114007B7E21 /* Extensions */,
				6092536A27B78AFA00E23931 /* Player.swift */,
				6092537227B7AD0000E23931 /* SongsQuerier.swift */,
				60F6A458292A16F2007B4A67 /* RelevantSongs.swift */,
				60A7BA5F27B8DEAE002451A5 /* MyMPMediaPropertyPredicate.swift */,
				6042DA8E292A3F2F007B7E21 /* LoadingState.swift */,
				6042DA90292A45E5007B7E21 /* SongsSorter.swift */,
			);
			path = Classes;
			sourceTree = "<group>";
		};
		6092536D27B78C2800E23931 /* Views */ = {
			isa = PBXGroup;
			children = (
				6042DA8B292A3B32007B7E21 /* Components */,
				6042DA8C292A3B79007B7E21 /* Menus */,
				6092533727B60B7A00E23931 /* ContentView.swift */,
				6092537427B7B54E00E23931 /* SongsCollectionsListView.swift */,
				6092536827B788B300E23931 /* SongsCollectionItemView.swift */,
				6032AC6D27B7D18000686A99 /* QueriedSongsListViewContainer.swift */,
				6092536627B7810A00E23931 /* SongItemView.swift */,
				6092537027B791A300E23931 /* SongDetailView.swift */,
				6032AC6B27B7C89300686A99 /* NowPlayingViewContainer.swift */,
			);
			path = Views;
			sourceTree = "<group>";
		};
/* End PBXGroup section */

/* Begin PBXNativeTarget section */
		6092533127B60B7A00E23931 /* onraku */ = {
			isa = PBXNativeTarget;
			buildConfigurationList = 6092535627B60B7B00E23931 /* Build configuration list for PBXNativeTarget "onraku" */;
			buildPhases = (
				6092532E27B60B7A00E23931 /* Sources */,
				6092532F27B60B7A00E23931 /* Frameworks */,
				6092533027B60B7A00E23931 /* Resources */,
			);
			buildRules = (
			);
			dependencies = (
			);
			name = onraku;
			productName = onraku;
			productReference = 6092533227B60B7A00E23931 /* onraku.app */;
			productType = "com.apple.product-type.application";
		};
		6092534127B60B7B00E23931 /* onrakuTests */ = {
			isa = PBXNativeTarget;
			buildConfigurationList = 6092535927B60B7B00E23931 /* Build configuration list for PBXNativeTarget "onrakuTests" */;
			buildPhases = (
				6092533E27B60B7B00E23931 /* Sources */,
				6092533F27B60B7B00E23931 /* Frameworks */,
				6092534027B60B7B00E23931 /* Resources */,
			);
			buildRules = (
			);
			dependencies = (
				6092534427B60B7B00E23931 /* PBXTargetDependency */,
			);
			name = onrakuTests;
			productName = onrakuTests;
			productReference = 6092534227B60B7B00E23931 /* onrakuTests.xctest */;
			productType = "com.apple.product-type.bundle.unit-test";
		};
		6092534B27B60B7B00E23931 /* onrakuUITests */ = {
			isa = PBXNativeTarget;
			buildConfigurationList = 6092535C27B60B7B00E23931 /* Build configuration list for PBXNativeTarget "onrakuUITests" */;
			buildPhases = (
				6092534827B60B7B00E23931 /* Sources */,
				6092534927B60B7B00E23931 /* Frameworks */,
				6092534A27B60B7B00E23931 /* Resources */,
			);
			buildRules = (
			);
			dependencies = (
				6092534E27B60B7B00E23931 /* PBXTargetDependency */,
			);
			name = onrakuUITests;
			productName = onrakuUITests;
			productReference = 6092534C27B60B7B00E23931 /* onrakuUITests.xctest */;
			productType = "com.apple.product-type.bundle.ui-testing";
		};
/* End PBXNativeTarget section */

/* Begin PBXProject section */
		6092532A27B60B7A00E23931 /* Project object */ = {
			isa = PBXProject;
			attributes = {
				BuildIndependentTargetsInParallel = 1;
				LastSwiftUpdateCheck = 1320;
				LastUpgradeCheck = 1320;
				TargetAttributes = {
					6092533127B60B7A00E23931 = {
						CreatedOnToolsVersion = 13.2.1;
					};
					6092534127B60B7B00E23931 = {
						CreatedOnToolsVersion = 13.2.1;
						TestTargetID = 6092533127B60B7A00E23931;
					};
					6092534B27B60B7B00E23931 = {
						CreatedOnToolsVersion = 13.2.1;
						TestTargetID = 6092533127B60B7A00E23931;
					};
				};
			};
			buildConfigurationList = 6092532D27B60B7A00E23931 /* Build configuration list for PBXProject "onraku" */;
			compatibilityVersion = "Xcode 13.0";
			developmentRegion = en;
			hasScannedForEncodings = 0;
			knownRegions = (
				en,
				Base,
			);
			mainGroup = 6092532927B60B7A00E23931;
			productRefGroup = 6092533327B60B7A00E23931 /* Products */;
			projectDirPath = "";
			projectRoot = "";
			targets = (
				6092533127B60B7A00E23931 /* onraku */,
				6092534127B60B7B00E23931 /* onrakuTests */,
				6092534B27B60B7B00E23931 /* onrakuUITests */,
			);
		};
/* End PBXProject section */

/* Begin PBXResourcesBuildPhase section */
		6092533027B60B7A00E23931 /* Resources */ = {
			isa = PBXResourcesBuildPhase;
			buildActionMask = 2147483647;
			files = (
				6092533D27B60B7B00E23931 /* Preview Assets.xcassets in Resources */,
				6092533A27B60B7B00E23931 /* Assets.xcassets in Resources */,
			);
			runOnlyForDeploymentPostprocessing = 0;
		};
		6092534027B60B7B00E23931 /* Resources */ = {
			isa = PBXResourcesBuildPhase;
			buildActionMask = 2147483647;
			files = (
			);
			runOnlyForDeploymentPostprocessing = 0;
		};
		6092534A27B60B7B00E23931 /* Resources */ = {
			isa = PBXResourcesBuildPhase;
			buildActionMask = 2147483647;
			files = (
			);
			runOnlyForDeploymentPostprocessing = 0;
		};
/* End PBXResourcesBuildPhase section */

/* Begin PBXSourcesBuildPhase section */
		6092532E27B60B7A00E23931 /* Sources */ = {
			isa = PBXSourcesBuildPhase;
			buildActionMask = 2147483647;
			files = (
				60A7BA6227B904C5002451A5 /* MPMediaItemCollection+Extension.swift in Sources */,
				6092536F27B78F8800E23931 /* PlayableItemsMenuView.swift in Sources */,
				6044F06B27B7EAB60083A506 /* MultiLineTextView.swift in Sources */,
				60FF5E8427B932BB00663D61 /* Array+Extension.swift in Sources */,
				60D0CD9027BA84F6002F43BB /* FiveStarsImageView.swift in Sources */,
				60F6A459292A16F2007B4A67 /* RelevantSongs.swift in Sources */,
				6032AC6E27B7D18000686A99 /* QueriedSongsListViewContainer.swift in Sources */,
				6032AC6C27B7C89300686A99 /* NowPlayingViewContainer.swift in Sources */,
				6092536927B788B300E23931 /* SongsCollectionItemView.swift in Sources */,
				6092533827B60B7A00E23931 /* ContentView.swift in Sources */,
				6042DA8F292A3F2F007B7E21 /* LoadingState.swift in Sources */,
				6092537127B791A300E23931 /* SongDetailView.swift in Sources */,
				60C23F6627B9659000A01DCB /* ToastView.swift in Sources */,
				6092536727B7810A00E23931 /* SongItemView.swift in Sources */,
				6044F06D27B7FDF10083A506 /* String+Extension.swift in Sources */,
				60A7BA6627B91ED9002451A5 /* LoadingCellView.swift in Sources */,
				60A7BA5B27B8C191002451A5 /* MPMediaItem+Extension.swift in Sources */,
				6042DA91292A45E5007B7E21 /* SongsSorter.swift in Sources */,
				6092536B27B78AFA00E23931 /* Player.swift in Sources */,
				6092537527B7B54E00E23931 /* SongsCollectionsListView.swift in Sources */,
				6092533627B60B7A00E23931 /* onrakuApp.swift in Sources */,
				60A7BA6027B8DEAE002451A5 /* MyMPMediaPropertyPredicate.swift in Sources */,
				6092537327B7AD0000E23931 /* SongsQuerier.swift in Sources */,
			);
			runOnlyForDeploymentPostprocessing = 0;
		};
		6092533E27B60B7B00E23931 /* Sources */ = {
			isa = PBXSourcesBuildPhase;
			buildActionMask = 2147483647;
			files = (
				6044F06F27B8173B0083A506 /* String+Extension.swift in Sources */,
				6042DA93292A511C007B7E21 /* MPMediaItem+Extension.swift in Sources */,
				6092534727B60B7B00E23931 /* onrakuTests.swift in Sources */,
			);
			runOnlyForDeploymentPostprocessing = 0;
		};
		6092534827B60B7B00E23931 /* Sources */ = {
			isa = PBXSourcesBuildPhase;
			buildActionMask = 2147483647;
			files = (
				6092535327B60B7B00E23931 /* onrakuUITestsLaunchTests.swift in Sources */,
				6092535127B60B7B00E23931 /* onrakuUITests.swift in Sources */,
			);
			runOnlyForDeploymentPostprocessing = 0;
		};
/* End PBXSourcesBuildPhase section */

/* Begin PBXTargetDependency section */
		6092534427B60B7B00E23931 /* PBXTargetDependency */ = {
			isa = PBXTargetDependency;
			target = 6092533127B60B7A00E23931 /* onraku */;
			targetProxy = 6092534327B60B7B00E23931 /* PBXContainerItemProxy */;
		};
		6092534E27B60B7B00E23931 /* PBXTargetDependency */ = {
			isa = PBXTargetDependency;
			target = 6092533127B60B7A00E23931 /* onraku */;
			targetProxy = 6092534D27B60B7B00E23931 /* PBXContainerItemProxy */;
		};
/* End PBXTargetDependency section */

/* Begin XCBuildConfiguration section */
		6092535427B60B7B00E23931 /* Debug */ = {
			isa = XCBuildConfiguration;
			buildSettings = {
				ALWAYS_SEARCH_USER_PATHS = NO;
				CLANG_ANALYZER_NONNULL = YES;
				CLANG_ANALYZER_NUMBER_OBJECT_CONVERSION = YES_AGGRESSIVE;
				CLANG_CXX_LANGUAGE_STANDARD = "gnu++17";
				CLANG_CXX_LIBRARY = "libc++";
				CLANG_ENABLE_MODULES = YES;
				CLANG_ENABLE_OBJC_ARC = YES;
				CLANG_ENABLE_OBJC_WEAK = YES;
				CLANG_WARN_BLOCK_CAPTURE_AUTORELEASING = YES;
				CLANG_WARN_BOOL_CONVERSION = YES;
				CLANG_WARN_COMMA = YES;
				CLANG_WARN_CONSTANT_CONVERSION = YES;
				CLANG_WARN_DEPRECATED_OBJC_IMPLEMENTATIONS = YES;
				CLANG_WARN_DIRECT_OBJC_ISA_USAGE = YES_ERROR;
				CLANG_WARN_DOCUMENTATION_COMMENTS = YES;
				CLANG_WARN_EMPTY_BODY = YES;
				CLANG_WARN_ENUM_CONVERSION = YES;
				CLANG_WARN_INFINITE_RECURSION = YES;
				CLANG_WARN_INT_CONVERSION = YES;
				CLANG_WARN_NON_LITERAL_NULL_CONVERSION = YES;
				CLANG_WARN_OBJC_IMPLICIT_RETAIN_SELF = YES;
				CLANG_WARN_OBJC_LITERAL_CONVERSION = YES;
				CLANG_WARN_OBJC_ROOT_CLASS = YES_ERROR;
				CLANG_WARN_QUOTED_INCLUDE_IN_FRAMEWORK_HEADER = YES;
				CLANG_WARN_RANGE_LOOP_ANALYSIS = YES;
				CLANG_WARN_STRICT_PROTOTYPES = YES;
				CLANG_WARN_SUSPICIOUS_MOVE = YES;
				CLANG_WARN_UNGUARDED_AVAILABILITY = YES_AGGRESSIVE;
				CLANG_WARN_UNREACHABLE_CODE = YES;
				CLANG_WARN__DUPLICATE_METHOD_MATCH = YES;
				COPY_PHASE_STRIP = NO;
				DEBUG_INFORMATION_FORMAT = dwarf;
				ENABLE_STRICT_OBJC_MSGSEND = YES;
				ENABLE_TESTABILITY = YES;
				GCC_C_LANGUAGE_STANDARD = gnu11;
				GCC_DYNAMIC_NO_PIC = NO;
				GCC_NO_COMMON_BLOCKS = YES;
				GCC_OPTIMIZATION_LEVEL = 0;
				GCC_PREPROCESSOR_DEFINITIONS = (
					"DEBUG=1",
					"$(inherited)",
				);
				GCC_WARN_64_TO_32_BIT_CONVERSION = YES;
				GCC_WARN_ABOUT_RETURN_TYPE = YES_ERROR;
				GCC_WARN_UNDECLARED_SELECTOR = YES;
				GCC_WARN_UNINITIALIZED_AUTOS = YES_AGGRESSIVE;
				GCC_WARN_UNUSED_FUNCTION = YES;
				GCC_WARN_UNUSED_VARIABLE = YES;
				IPHONEOS_DEPLOYMENT_TARGET = 15.2;
				MTL_ENABLE_DEBUG_INFO = INCLUDE_SOURCE;
				MTL_FAST_MATH = YES;
				ONLY_ACTIVE_ARCH = YES;
				SDKROOT = iphoneos;
				SWIFT_ACTIVE_COMPILATION_CONDITIONS = DEBUG;
				SWIFT_OPTIMIZATION_LEVEL = "-Onone";
			};
			name = Debug;
		};
		6092535527B60B7B00E23931 /* Release */ = {
			isa = XCBuildConfiguration;
			buildSettings = {
				ALWAYS_SEARCH_USER_PATHS = NO;
				CLANG_ANALYZER_NONNULL = YES;
				CLANG_ANALYZER_NUMBER_OBJECT_CONVERSION = YES_AGGRESSIVE;
				CLANG_CXX_LANGUAGE_STANDARD = "gnu++17";
				CLANG_CXX_LIBRARY = "libc++";
				CLANG_ENABLE_MODULES = YES;
				CLANG_ENABLE_OBJC_ARC = YES;
				CLANG_ENABLE_OBJC_WEAK = YES;
				CLANG_WARN_BLOCK_CAPTURE_AUTORELEASING = YES;
				CLANG_WARN_BOOL_CONVERSION = YES;
				CLANG_WARN_COMMA = YES;
				CLANG_WARN_CONSTANT_CONVERSION = YES;
				CLANG_WARN_DEPRECATED_OBJC_IMPLEMENTATIONS = YES;
				CLANG_WARN_DIRECT_OBJC_ISA_USAGE = YES_ERROR;
				CLANG_WARN_DOCUMENTATION_COMMENTS = YES;
				CLANG_WARN_EMPTY_BODY = YES;
				CLANG_WARN_ENUM_CONVERSION = YES;
				CLANG_WARN_INFINITE_RECURSION = YES;
				CLANG_WARN_INT_CONVERSION = YES;
				CLANG_WARN_NON_LITERAL_NULL_CONVERSION = YES;
				CLANG_WARN_OBJC_IMPLICIT_RETAIN_SELF = YES;
				CLANG_WARN_OBJC_LITERAL_CONVERSION = YES;
				CLANG_WARN_OBJC_ROOT_CLASS = YES_ERROR;
				CLANG_WARN_QUOTED_INCLUDE_IN_FRAMEWORK_HEADER = YES;
				CLANG_WARN_RANGE_LOOP_ANALYSIS = YES;
				CLANG_WARN_STRICT_PROTOTYPES = YES;
				CLANG_WARN_SUSPICIOUS_MOVE = YES;
				CLANG_WARN_UNGUARDED_AVAILABILITY = YES_AGGRESSIVE;
				CLANG_WARN_UNREACHABLE_CODE = YES;
				CLANG_WARN__DUPLICATE_METHOD_MATCH = YES;
				COPY_PHASE_STRIP = NO;
				DEBUG_INFORMATION_FORMAT = "dwarf-with-dsym";
				ENABLE_NS_ASSERTIONS = NO;
				ENABLE_STRICT_OBJC_MSGSEND = YES;
				GCC_C_LANGUAGE_STANDARD = gnu11;
				GCC_NO_COMMON_BLOCKS = YES;
				GCC_WARN_64_TO_32_BIT_CONVERSION = YES;
				GCC_WARN_ABOUT_RETURN_TYPE = YES_ERROR;
				GCC_WARN_UNDECLARED_SELECTOR = YES;
				GCC_WARN_UNINITIALIZED_AUTOS = YES_AGGRESSIVE;
				GCC_WARN_UNUSED_FUNCTION = YES;
				GCC_WARN_UNUSED_VARIABLE = YES;
				IPHONEOS_DEPLOYMENT_TARGET = 15.2;
				MTL_ENABLE_DEBUG_INFO = NO;
				MTL_FAST_MATH = YES;
				SDKROOT = iphoneos;
				SWIFT_COMPILATION_MODE = wholemodule;
				SWIFT_OPTIMIZATION_LEVEL = "-O";
				VALIDATE_PRODUCT = YES;
			};
			name = Release;
		};
		6092535727B60B7B00E23931 /* Debug */ = {
			isa = XCBuildConfiguration;
			buildSettings = {
				ASSETCATALOG_COMPILER_APPICON_NAME = AppIcon;
				ASSETCATALOG_COMPILER_GLOBAL_ACCENT_COLOR_NAME = AccentColor;
				CODE_SIGN_STYLE = Automatic;
				CURRENT_PROJECT_VERSION = 1;
				DEVELOPMENT_ASSET_PATHS = "\"onraku/Preview Content\"";
				DEVELOPMENT_TEAM = LWW9E66T79;
				ENABLE_PREVIEWS = YES;
				GENERATE_INFOPLIST_FILE = YES;
				INFOPLIST_FILE = onraku/Info.plist;
				INFOPLIST_KEY_LSApplicationCategoryType = "public.app-category.music";
				INFOPLIST_KEY_NSAppleMusicUsageDescription = "This application is designed to help you browse your music library efficiently. Therefore we need permission to access your music library in order to work.";
				INFOPLIST_KEY_UIApplicationSceneManifest_Generation = YES;
				INFOPLIST_KEY_UIApplicationSupportsIndirectInputEvents = YES;
				INFOPLIST_KEY_UILaunchScreen_Generation = YES;
				INFOPLIST_KEY_UISupportedInterfaceOrientations_iPad = "UIInterfaceOrientationPortrait UIInterfaceOrientationPortraitUpsideDown UIInterfaceOrientationLandscapeLeft UIInterfaceOrientationLandscapeRight";
				INFOPLIST_KEY_UISupportedInterfaceOrientations_iPhone = "UIInterfaceOrientationPortrait UIInterfaceOrientationLandscapeLeft UIInterfaceOrientationLandscapeRight";
				IPHONEOS_DEPLOYMENT_TARGET = 18.0;
				LD_RUNPATH_SEARCH_PATHS = (
					"$(inherited)",
					"@executable_path/Frameworks",
				);
				MARKETING_VERSION = 1.0;
				NSAppleMusicUsageDescription = foo;
				PRODUCT_BUNDLE_IDENTIFIER = info.polamjag.onraku;
				PRODUCT_NAME = "$(TARGET_NAME)";
				SWIFT_EMIT_LOC_STRINGS = YES;
				SWIFT_VERSION = 5.0;
				TARGETED_DEVICE_FAMILY = "1,2";
			};
			name = Debug;
		};
		6092535827B60B7B00E23931 /* Release */ = {
			isa = XCBuildConfiguration;
			buildSettings = {
				ASSETCATALOG_COMPILER_APPICON_NAME = AppIcon;
				ASSETCATALOG_COMPILER_GLOBAL_ACCENT_COLOR_NAME = AccentColor;
				CODE_SIGN_STYLE = Automatic;
				CURRENT_PROJECT_VERSION = 1;
				DEVELOPMENT_ASSET_PATHS = "\"onraku/Preview Content\"";
				DEVELOPMENT_TEAM = LWW9E66T79;
				ENABLE_PREVIEWS = YES;
				GENERATE_INFOPLIST_FILE = YES;
				INFOPLIST_FILE = onraku/Info.plist;
				INFOPLIST_KEY_LSApplicationCategoryType = "public.app-category.music";
				INFOPLIST_KEY_NSAppleMusicUsageDescription = "This application is designed to help you browse your music library efficiently. Therefore we need permission to access your music library in order to work.";
				INFOPLIST_KEY_UIApplicationSceneManifest_Generation = YES;
				INFOPLIST_KEY_UIApplicationSupportsIndirectInputEvents = YES;
				INFOPLIST_KEY_UILaunchScreen_Generation = YES;
				INFOPLIST_KEY_UISupportedInterfaceOrientations_iPad = "UIInterfaceOrientationPortrait UIInterfaceOrientationPortraitUpsideDown UIInterfaceOrientationLandscapeLeft UIInterfaceOrientationLandscapeRight";
				INFOPLIST_KEY_UISupportedInterfaceOrientations_iPhone = "UIInterfaceOrientationPortrait UIInterfaceOrientationLandscapeLeft UIInterfaceOrientationLandscapeRight";
				IPHONEOS_DEPLOYMENT_TARGET = 18.0;
				LD_RUNPATH_SEARCH_PATHS = (
					"$(inherited)",
					"@executable_path/Frameworks",
				);
				MARKETING_VERSION = 1.0;
				NSAppleMusicUsageDescription = foo;
				PRODUCT_BUNDLE_IDENTIFIER = info.polamjag.onraku;
				PRODUCT_NAME = "$(TARGET_NAME)";
				SWIFT_EMIT_LOC_STRINGS = YES;
				SWIFT_VERSION = 5.0;
				TARGETED_DEVICE_FAMILY = "1,2";
			};
			name = Release;
		};
		6092535A27B60B7B00E23931 /* Debug */ = {
			isa = XCBuildConfiguration;
			buildSettings = {
				ALWAYS_EMBED_SWIFT_STANDARD_LIBRARIES = YES;
				BUNDLE_LOADER = "$(TEST_HOST)";
				CODE_SIGN_STYLE = Automatic;
				CURRENT_PROJECT_VERSION = 1;
				DEVELOPMENT_TEAM = LWW9E66T79;
				GENERATE_INFOPLIST_FILE = YES;
				IPHONEOS_DEPLOYMENT_TARGET = 15.2;
				MARKETING_VERSION = 1.0;
				PRODUCT_BUNDLE_IDENTIFIER = info.polamjag.onrakuTests;
				PRODUCT_NAME = "$(TARGET_NAME)";
				SWIFT_EMIT_LOC_STRINGS = NO;
				SWIFT_VERSION = 5.0;
				TARGETED_DEVICE_FAMILY = "1,2";
				TEST_HOST = "$(BUILT_PRODUCTS_DIR)/onraku.app/onraku";
			};
			name = Debug;
		};
		6092535B27B60B7B00E23931 /* Release */ = {
			isa = XCBuildConfiguration;
			buildSettings = {
				ALWAYS_EMBED_SWIFT_STANDARD_LIBRARIES = YES;
				BUNDLE_LOADER = "$(TEST_HOST)";
				CODE_SIGN_STYLE = Automatic;
				CURRENT_PROJECT_VERSION = 1;
				DEVELOPMENT_TEAM = LWW9E66T79;
				GENERATE_INFOPLIST_FILE = YES;
				IPHONEOS_DEPLOYMENT_TARGET = 15.2;
				MARKETING_VERSION = 1.0;
				PRODUCT_BUNDLE_IDENTIFIER = info.polamjag.onrakuTests;
				PRODUCT_NAME = "$(TARGET_NAME)";
				SWIFT_EMIT_LOC_STRINGS = NO;
				SWIFT_VERSION = 5.0;
				TARGETED_DEVICE_FAMILY = "1,2";
				TEST_HOST = "$(BUILT_PRODUCTS_DIR)/onraku.app/onraku";
			};
			name = Release;
		};
		6092535D27B60B7B00E23931 /* Debug */ = {
			isa = XCBuildConfiguration;
			buildSettings = {
				ALWAYS_EMBED_SWIFT_STANDARD_LIBRARIES = YES;
				CODE_SIGN_STYLE = Automatic;
				CURRENT_PROJECT_VERSION = 1;
				DEVELOPMENT_TEAM = LWW9E66T79;
				GENERATE_INFOPLIST_FILE = YES;
				MARKETING_VERSION = 1.0;
				PRODUCT_BUNDLE_IDENTIFIER = info.polamjag.onrakuUITests;
				PRODUCT_NAME = "$(TARGET_NAME)";
				SWIFT_EMIT_LOC_STRINGS = NO;
				SWIFT_VERSION = 5.0;
				TARGETED_DEVICE_FAMILY = "1,2";
				TEST_TARGET_NAME = onraku;
			};
			name = Debug;
		};
		6092535E27B60B7B00E23931 /* Release */ = {
			isa = XCBuildConfiguration;
			buildSettings = {
				ALWAYS_EMBED_SWIFT_STANDARD_LIBRARIES = YES;
				CODE_SIGN_STYLE = Automatic;
				CURRENT_PROJECT_VERSION = 1;
				DEVELOPMENT_TEAM = LWW9E66T79;
				GENERATE_INFOPLIST_FILE = YES;
				MARKETING_VERSION = 1.0;
				PRODUCT_BUNDLE_IDENTIFIER = info.polamjag.onrakuUITests;
				PRODUCT_NAME = "$(TARGET_NAME)";
				SWIFT_EMIT_LOC_STRINGS = NO;
				SWIFT_VERSION = 5.0;
				TARGETED_DEVICE_FAMILY = "1,2";
				TEST_TARGET_NAME = onraku;
			};
			name = Release;
		};
/* End XCBuildConfiguration section */

/* Begin XCConfigurationList section */
		6092532D27B60B7A00E23931 /* Build configuration list for PBXProject "onraku" */ = {
			isa = XCConfigurationList;
			buildConfigurations = (
				6092535427B60B7B00E23931 /* Debug */,
				6092535527B60B7B00E23931 /* Release */,
			);
			defaultConfigurationIsVisible = 0;
			defaultConfigurationName = Release;
		};
		6092535627B60B7B00E23931 /* Build configuration list for PBXNativeTarget "onraku" */ = {
			isa = XCConfigurationList;
			buildConfigurations = (
				6092535727B60B7B00E23931 /* Debug */,
				6092535827B60B7B00E23931 /* Release */,
			);
			defaultConfigurationIsVisible = 0;
			defaultConfigurationName = Release;
		};
		6092535927B60B7B00E23931 /* Build configuration list for PBXNativeTarget "onrakuTests" */ = {
			isa = XCConfigurationList;
			buildConfigurations = (
				6092535A27B60B7B00E23931 /* Debug */,
				6092535B27B60B7B00E23931 /* Release */,
			);
			defaultConfigurationIsVisible = 0;
			defaultConfigurationName = Release;
		};
		6092535C27B60B7B00E23931 /* Build configuration list for PBXNativeTarget "onrakuUITests" */ = {
			isa = XCConfigurationList;
			buildConfigurations = (
				6092535D27B60B7B00E23931 /* Debug */,
				6092535E27B60B7B00E23931 /* Release */,
			);
			defaultConfigurationIsVisible = 0;
			defaultConfigurationName = Release;
		};
/* End XCConfigurationList section */
	};
	rootObject = 6092532A27B60B7A00E23931 /* Project object */;
}
